
Microsoft Visual Studio Solution File, Format Version 12.00
# Visual Studio 15
VisualStudioVersion = 15.0.28010.2050
MinimumVisualStudioVersion = 10.0.40219.1
Project("{2150E333-8FDC-42A3-9474-1A3956D46DE8}") = "WebClient", "WebClient", "{3F2AB8B9-90B0-481E-B5A9-15A18F4C1B2D}"
EndProject
Project("{FAE04EC0-301F-11D3-BF4B-00C04F79EFBC}") = "Cabify.WebClient", "Cabify.WebClient\Cabify.WebClient.csproj", "{6133A742-BA06-427E-B0C6-29FE18266EA0}"
EndProject
Project("{2150E333-8FDC-42A3-9474-1A3956D46DE8}") = "Models", "Models", "{06475E96-3491-496C-A6A8-0B57D22EFB1E}"
EndProject
Project("{FAE04EC0-301F-11D3-BF4B-00C04F79EFBC}") = "Cabify.Models", "Cabify.Models\Cabify.Models.csproj", "{43783766-68C7-46D5-9A31-BE3D253C9F04}"
EndProject
Project("{2150E333-8FDC-42A3-9474-1A3956D46DE8}") = "IntegrationTests", "IntegrationTests", "{44215BAC-12BD-4D70-9526-002F37A4BB61}"
EndProject
Project("{2150E333-8FDC-42A3-9474-1A3956D46DE8}") = "Tests", "Tests", "{2793A5E3-D972-4139-98E0-18E683A37E2E}"
EndProject
Project("{FAE04EC0-301F-11D3-BF4B-00C04F79EFBC}") = "Cabify.ServicesTests", "Cabify.Tests\Cabify.ServicesTests.csproj", "{8B891D13-8B7F-4397-9C36-B50D9BF0DA71}"
EndProject
Project("{FAE04EC0-301F-11D3-BF4B-00C04F79EFBC}") = "Cabify.IntegrationTests", "Cabify.IntegrationTests\Cabify.IntegrationTests.csproj", "{67C9BCA3-22E8-48D0-AA6A-A1BE5F317383}"
EndProject
Project("{2150E333-8FDC-42A3-9474-1A3956D46DE8}") = "Common", "Common", "{0D946706-578D-4728-B463-C5CE4CA3DA26}"
	ProjectSection(SolutionItems) = preProject
		Services\ShoppingBasketService.cs = Services\ShoppingBasketService.cs
	EndProjectSection
EndProject
Project("{FAE04EC0-301F-11D3-BF4B-00C04F79EFBC}") = "Cabify.Common", "Cabify.Common\Cabify.Common.csproj", "{BA1F12DF-69FD-48E6-9D81-6DF1ABCCB4F3}"
EndProject
Project("{2150E333-8FDC-42A3-9474-1A3956D46DE8}") = "Data", "Data", "{92DCB153-7129-4D05-8477-2DEF0E5E63E4}"
EndProject
Project("{FAE04EC0-301F-11D3-BF4B-00C04F79EFBC}") = "Cabify.Data", "Cabify.Data\Cabify.Data.csproj", "{60DAA72C-1051-420A-B87F-DEC42CC94E76}"
EndProject
Project("{2150E333-8FDC-42A3-9474-1A3956D46DE8}") = "BDD", "BDD", "{1FC1AFFB-1C6F-471A-9F76-968698960D86}"
EndProject
Project("{FAE04EC0-301F-11D3-BF4B-00C04F79EFBC}") = "Cabify.BBD", "Cabify.BBD\Cabify.BBD.csproj", "{DFB7076C-48D4-4258-805C-CAF275DDBC53}"
EndProject
Project("{FAE04EC0-301F-11D3-BF4B-00C04F79EFBC}") = "Cabify.ModelsDto", "Cabify.ModelsDto\Cabify.ModelsDto.csproj", "{16951AD3-BD10-4469-8C00-243658BB0D9C}"
EndProject
Project("{2150E333-8FDC-42A3-9474-1A3956D46DE8}") = "Cabify.Services", "Cabify.Services", "{86C7E564-7F7D-49A8-91E1-EDD9E85A680C}"
EndProject
Project("{FAE04EC0-301F-11D3-BF4B-00C04F79EFBC}") = "Cabify.Services", "Services\Cabify.Services.csproj", "{CC1FED77-068D-426A-ABF9-3F0F82CDFDDD}"
EndProject
Project("{2150E333-8FDC-42A3-9474-1A3956D46DE8}") = "Models", "Models", "{7D5C3E41-2DB8-40AB-AFBA-399DAD06C057}"
EndProject
Project("{2150E333-8FDC-42A3-9474-1A3956D46DE8}") = "Services", "Services", "{FB40E3F5-1F16-4D15-A8E1-8613D5526331}"
EndProject
Project("{FAE04EC0-301F-11D3-BF4B-00C04F79EFBC}") = "Cabify.ModelsTests", "Cabify.ModelsTests\Cabify.ModelsTests.csproj", "{9F7995EC-7B0C-437A-8CE6-A091C33AFD63}"
EndProject
Project("{FAE04EC0-301F-11D3-BF4B-00C04F79EFBC}") = "Cabify.ModelsDtoTests", "Cabify.ModelsDtoTests\Cabify.ModelsDtoTests.csproj", "{1F82FD7D-D0C8-4717-9D72-8375BE031CBD}"
EndProject
Project("{2150E333-8FDC-42A3-9474-1A3956D46DE8}") = "Services", "Services", "{8067154E-105D-4688-9794-B398742DF3F9}"
EndProject
Project("{2150E333-8FDC-42A3-9474-1A3956D46DE8}") = "Solution Items", "Solution Items", "{AD2326D4-E1E8-4F26-8560-71C7F78BD237}"
	ProjectSection(SolutionItems) = preProject
		README.md = README.md
	EndProjectSection
EndProject
Global
	GlobalSection(SolutionConfigurationPlatforms) = preSolution
		Debug|Any CPU = Debug|Any CPU
		Release|Any CPU = Release|Any CPU
	EndGlobalSection
	GlobalSection(ProjectConfigurationPlatforms) = postSolution
		{6133A742-BA06-427E-B0C6-29FE18266EA0}.Debug|Any CPU.ActiveCfg = Debug|Any CPU
		{6133A742-BA06-427E-B0C6-29FE18266EA0}.Debug|Any CPU.Build.0 = Debug|Any CPU
		{6133A742-BA06-427E-B0C6-29FE18266EA0}.Release|Any CPU.ActiveCfg = Release|Any CPU
		{6133A742-BA06-427E-B0C6-29FE18266EA0}.Release|Any CPU.Build.0 = Release|Any CPU
		{43783766-68C7-46D5-9A31-BE3D253C9F04}.Debug|Any CPU.ActiveCfg = Debug|Any CPU
		{43783766-68C7-46D5-9A31-BE3D253C9F04}.Debug|Any CPU.Build.0 = Debug|Any CPU
		{43783766-68C7-46D5-9A31-BE3D253C9F04}.Release|Any CPU.ActiveCfg = Release|Any CPU
		{43783766-68C7-46D5-9A31-BE3D253C9F04}.Release|Any CPU.Build.0 = Release|Any CPU
		{8B891D13-8B7F-4397-9C36-B50D9BF0DA71}.Debug|Any CPU.ActiveCfg = Debug|Any CPU
		{8B891D13-8B7F-4397-9C36-B50D9BF0DA71}.Debug|Any CPU.Build.0 = Debug|Any CPU
		{8B891D13-8B7F-4397-9C36-B50D9BF0DA71}.Release|Any CPU.ActiveCfg = Release|Any CPU
		{8B891D13-8B7F-4397-9C36-B50D9BF0DA71}.Release|Any CPU.Build.0 = Release|Any CPU
		{67C9BCA3-22E8-48D0-AA6A-A1BE5F317383}.Debug|Any CPU.ActiveCfg = Debug|Any CPU
		{67C9BCA3-22E8-48D0-AA6A-A1BE5F317383}.Debug|Any CPU.Build.0 = Debug|Any CPU
		{67C9BCA3-22E8-48D0-AA6A-A1BE5F317383}.Release|Any CPU.ActiveCfg = Release|Any CPU
		{67C9BCA3-22E8-48D0-AA6A-A1BE5F317383}.Release|Any CPU.Build.0 = Release|Any CPU
		{BA1F12DF-69FD-48E6-9D81-6DF1ABCCB4F3}.Debug|Any CPU.ActiveCfg = Debug|Any CPU
		{BA1F12DF-69FD-48E6-9D81-6DF1ABCCB4F3}.Debug|Any CPU.Build.0 = Debug|Any CPU
		{BA1F12DF-69FD-48E6-9D81-6DF1ABCCB4F3}.Release|Any CPU.ActiveCfg = Release|Any CPU
		{BA1F12DF-69FD-48E6-9D81-6DF1ABCCB4F3}.Release|Any CPU.Build.0 = Release|Any CPU
		{60DAA72C-1051-420A-B87F-DEC42CC94E76}.Debug|Any CPU.ActiveCfg = Debug|Any CPU
		{60DAA72C-1051-420A-B87F-DEC42CC94E76}.Debug|Any CPU.Build.0 = Debug|Any CPU
		{60DAA72C-1051-420A-B87F-DEC42CC94E76}.Release|Any CPU.ActiveCfg = Release|Any CPU
		{60DAA72C-1051-420A-B87F-DEC42CC94E76}.Release|Any CPU.Build.0 = Release|Any CPU
		{DFB7076C-48D4-4258-805C-CAF275DDBC53}.Debug|Any CPU.ActiveCfg = Debug|Any CPU
		{DFB7076C-48D4-4258-805C-CAF275DDBC53}.Debug|Any CPU.Build.0 = Debug|Any CPU
		{DFB7076C-48D4-4258-805C-CAF275DDBC53}.Release|Any CPU.ActiveCfg = Release|Any CPU
		{DFB7076C-48D4-4258-805C-CAF275DDBC53}.Release|Any CPU.Build.0 = Release|Any CPU
		{16951AD3-BD10-4469-8C00-243658BB0D9C}.Debug|Any CPU.ActiveCfg = Debug|Any CPU
		{16951AD3-BD10-4469-8C00-243658BB0D9C}.Debug|Any CPU.Build.0 = Debug|Any CPU
		{16951AD3-BD10-4469-8C00-243658BB0D9C}.Release|Any CPU.ActiveCfg = Release|Any CPU
		{16951AD3-BD10-4469-8C00-243658BB0D9C}.Release|Any CPU.Build.0 = Release|Any CPU
		{CC1FED77-068D-426A-ABF9-3F0F82CDFDDD}.Debug|Any CPU.ActiveCfg = Debug|Any CPU
		{CC1FED77-068D-426A-ABF9-3F0F82CDFDDD}.Debug|Any CPU.Build.0 = Debug|Any CPU
		{CC1FED77-068D-426A-ABF9-3F0F82CDFDDD}.Release|Any CPU.ActiveCfg = Release|Any CPU
		{CC1FED77-068D-426A-ABF9-3F0F82CDFDDD}.Release|Any CPU.Build.0 = Release|Any CPU
		{9F7995EC-7B0C-437A-8CE6-A091C33AFD63}.Debug|Any CPU.ActiveCfg = Debug|Any CPU
		{9F7995EC-7B0C-437A-8CE6-A091C33AFD63}.Debug|Any CPU.Build.0 = Debug|Any CPU
		{9F7995EC-7B0C-437A-8CE6-A091C33AFD63}.Release|Any CPU.ActiveCfg = Release|Any CPU
		{9F7995EC-7B0C-437A-8CE6-A091C33AFD63}.Release|Any CPU.Build.0 = Release|Any CPU
		{1F82FD7D-D0C8-4717-9D72-8375BE031CBD}.Debug|Any CPU.ActiveCfg = Debug|Any CPU
		{1F82FD7D-D0C8-4717-9D72-8375BE031CBD}.Debug|Any CPU.Build.0 = Debug|Any CPU
		{1F82FD7D-D0C8-4717-9D72-8375BE031CBD}.Release|Any CPU.ActiveCfg = Release|Any CPU
		{1F82FD7D-D0C8-4717-9D72-8375BE031CBD}.Release|Any CPU.Build.0 = Release|Any CPU
	EndGlobalSection
	GlobalSection(SolutionProperties) = preSolution
		HideSolutionNode = FALSE
	EndGlobalSection
	GlobalSection(NestedProjects) = preSolution
		{6133A742-BA06-427E-B0C6-29FE18266EA0} = {3F2AB8B9-90B0-481E-B5A9-15A18F4C1B2D}
		{43783766-68C7-46D5-9A31-BE3D253C9F04} = {06475E96-3491-496C-A6A8-0B57D22EFB1E}
		{8B891D13-8B7F-4397-9C36-B50D9BF0DA71} = {FB40E3F5-1F16-4D15-A8E1-8613D5526331}
		{67C9BCA3-22E8-48D0-AA6A-A1BE5F317383} = {8067154E-105D-4688-9794-B398742DF3F9}
		{BA1F12DF-69FD-48E6-9D81-6DF1ABCCB4F3} = {0D946706-578D-4728-B463-C5CE4CA3DA26}
		{60DAA72C-1051-420A-B87F-DEC42CC94E76} = {92DCB153-7129-4D05-8477-2DEF0E5E63E4}
		{DFB7076C-48D4-4258-805C-CAF275DDBC53} = {1FC1AFFB-1C6F-471A-9F76-968698960D86}
		{16951AD3-BD10-4469-8C00-243658BB0D9C} = {06475E96-3491-496C-A6A8-0B57D22EFB1E}
		{CC1FED77-068D-426A-ABF9-3F0F82CDFDDD} = {86C7E564-7F7D-49A8-91E1-EDD9E85A680C}
		{7D5C3E41-2DB8-40AB-AFBA-399DAD06C057} = {2793A5E3-D972-4139-98E0-18E683A37E2E}
		{FB40E3F5-1F16-4D15-A8E1-8613D5526331} = {2793A5E3-D972-4139-98E0-18E683A37E2E}
		{9F7995EC-7B0C-437A-8CE6-A091C33AFD63} = {7D5C3E41-2DB8-40AB-AFBA-399DAD06C057}
		{1F82FD7D-D0C8-4717-9D72-8375BE031CBD} = {7D5C3E41-2DB8-40AB-AFBA-399DAD06C057}
		{8067154E-105D-4688-9794-B398742DF3F9} = {44215BAC-12BD-4D70-9526-002F37A4BB61}
	EndGlobalSection
	GlobalSection(ExtensibilityGlobals) = postSolution
		SolutionGuid = {7250D901-5F92-4707-935C-3512DC5E1C4B}
	EndGlobalSection
	GlobalSection(Performance) = preSolution
		HasPerformanceSessions = true
	EndGlobalSection
EndGlobal
